
Microsoft Visual Studio Solution File, Format Version 12.00
# Visual Studio Version 17
VisualStudioVersion = 17.0.31903.59
MinimumVisualStudioVersion = 10.0.40219.1
Project("{2150E333-8FDC-42A3-9474-1A3956D46DE8}") = "SM-Post", "SM-Post", "{565FC6D8-C906-458F-852E-F4CCA12B667D}"
EndProject
Project("{2150E333-8FDC-42A3-9474-1A3956D46DE8}") = "Post.Cmd", "Post.Cmd", "{3A48E569-3E2A-4FF6-ADCC-0851652AE4BB}"
EndProject
Project("{FAE04EC0-301F-11D3-BF4B-00C04F79EFBC}") = "Post.Cmd.Api", "SM-Post\Post.Cmd\Post.Cmd.Api\Post.Cmd.Api.csproj", "{157B16C4-DBA8-4321-B857-8AD265349085}"
EndProject
Project("{FAE04EC0-301F-11D3-BF4B-00C04F79EFBC}") = "Post.Cmd.Domain", "SM-Post\Post.Cmd\Post.Cmd.Domain\Post.Cmd.Domain.csproj", "{79FC4F4E-0AB8-4AFC-BCB8-6CF5420BAD31}"
EndProject
Project("{FAE04EC0-301F-11D3-BF4B-00C04F79EFBC}") = "Post.Cmd.Infrastructure", "SM-Post\Post.Cmd\Post.Cmd.Infrastructure\Post.Cmd.Infrastructure.csproj", "{9BD0CD43-63CD-4263-8060-DB2C58C7D3C2}"
EndProject
Project("{2150E333-8FDC-42A3-9474-1A3956D46DE8}") = "Post.Query", "Post.Query", "{48DBC9EB-ABE4-475E-87F0-09EB5AA46831}"
EndProject
Project("{FAE04EC0-301F-11D3-BF4B-00C04F79EFBC}") = "Post.Query.Api", "SM-Post\Post.Query\Post.Query.Api\Post.Query.Api.csproj", "{48D824A6-4001-4A93-8571-EF246E35E730}"
EndProject
Project("{FAE04EC0-301F-11D3-BF4B-00C04F79EFBC}") = "Post.Query.Domain", "SM-Post\Post.Query\Post.Query.Domain\Post.Query.Domain.csproj", "{C621D873-433E-4A0A-8CD2-B7BA5DF19F29}"
EndProject
Project("{FAE04EC0-301F-11D3-BF4B-00C04F79EFBC}") = "Post.Query.Infrastructure", "SM-Post\Post.Query\Post.Query.Infrastructure\Post.Query.Infrastructure.csproj", "{03D1A094-1887-4EB8-A3A6-A7E078FD2813}"
EndProject
Project("{2150E333-8FDC-42A3-9474-1A3956D46DE8}") = "CQRS-ES", "CQRS-ES", "{72BF0402-C811-41A3-A6F4-D75DA32F99AA}"
EndProject
Project("{FAE04EC0-301F-11D3-BF4B-00C04F79EFBC}") = "CQRS.Core", "CQRS-ES\CQRS.Core\CQRS.Core.csproj", "{6DDBCD04-28A7-4861-BFA3-3F950FA89FEB}"
EndProject
Project("{FAE04EC0-301F-11D3-BF4B-00C04F79EFBC}") = "Post.Common", "SM-Post\Post.Common\Post.Common.csproj", "{9B1B55AE-F4CD-4026-A51C-6868B9796316}"
EndProject
Global
	GlobalSection(SolutionConfigurationPlatforms) = preSolution
		Debug|Any CPU = Debug|Any CPU
		Release|Any CPU = Release|Any CPU
	EndGlobalSection
	GlobalSection(SolutionProperties) = preSolution
		HideSolutionNode = FALSE
	EndGlobalSection
	GlobalSection(ProjectConfigurationPlatforms) = postSolution
		{157B16C4-DBA8-4321-B857-8AD265349085}.Debug|Any CPU.ActiveCfg = Debug|Any CPU
		{157B16C4-DBA8-4321-B857-8AD265349085}.Debug|Any CPU.Build.0 = Debug|Any CPU
		{157B16C4-DBA8-4321-B857-8AD265349085}.Release|Any CPU.ActiveCfg = Release|Any CPU
		{157B16C4-DBA8-4321-B857-8AD265349085}.Release|Any CPU.Build.0 = Release|Any CPU
		{79FC4F4E-0AB8-4AFC-BCB8-6CF5420BAD31}.Debug|Any CPU.ActiveCfg = Debug|Any CPU
		{79FC4F4E-0AB8-4AFC-BCB8-6CF5420BAD31}.Debug|Any CPU.Build.0 = Debug|Any CPU
		{79FC4F4E-0AB8-4AFC-BCB8-6CF5420BAD31}.Release|Any CPU.ActiveCfg = Release|Any CPU
		{79FC4F4E-0AB8-4AFC-BCB8-6CF5420BAD31}.Release|Any CPU.Build.0 = Release|Any CPU
		{9BD0CD43-63CD-4263-8060-DB2C58C7D3C2}.Debug|Any CPU.ActiveCfg = Debug|Any CPU
		{9BD0CD43-63CD-4263-8060-DB2C58C7D3C2}.Debug|Any CPU.Build.0 = Debug|Any CPU
		{9BD0CD43-63CD-4263-8060-DB2C58C7D3C2}.Release|Any CPU.ActiveCfg = Release|Any CPU
		{9BD0CD43-63CD-4263-8060-DB2C58C7D3C2}.Release|Any CPU.Build.0 = Release|Any CPU
		{48D824A6-4001-4A93-8571-EF246E35E730}.Debug|Any CPU.ActiveCfg = Debug|Any CPU
		{48D824A6-4001-4A93-8571-EF246E35E730}.Debug|Any CPU.Build.0 = Debug|Any CPU
		{48D824A6-4001-4A93-8571-EF246E35E730}.Release|Any CPU.ActiveCfg = Release|Any CPU
		{48D824A6-4001-4A93-8571-EF246E35E730}.Release|Any CPU.Build.0 = Release|Any CPU
		{C621D873-433E-4A0A-8CD2-B7BA5DF19F29}.Debug|Any CPU.ActiveCfg = Debug|Any CPU
		{C621D873-433E-4A0A-8CD2-B7BA5DF19F29}.Debug|Any CPU.Build.0 = Debug|Any CPU
		{C621D873-433E-4A0A-8CD2-B7BA5DF19F29}.Release|Any CPU.ActiveCfg = Release|Any CPU
		{C621D873-433E-4A0A-8CD2-B7BA5DF19F29}.Release|Any CPU.Build.0 = Release|Any CPU
		{03D1A094-1887-4EB8-A3A6-A7E078FD2813}.Debug|Any CPU.ActiveCfg = Debug|Any CPU
		{03D1A094-1887-4EB8-A3A6-A7E078FD2813}.Debug|Any CPU.Build.0 = Debug|Any CPU
		{03D1A094-1887-4EB8-A3A6-A7E078FD2813}.Release|Any CPU.ActiveCfg = Release|Any CPU
		{03D1A094-1887-4EB8-A3A6-A7E078FD2813}.Release|Any CPU.Build.0 = Release|Any CPU
		{6DDBCD04-28A7-4861-BFA3-3F950FA89FEB}.Debug|Any CPU.ActiveCfg = Debug|Any CPU
		{6DDBCD04-28A7-4861-BFA3-3F950FA89FEB}.Debug|Any CPU.Build.0 = Debug|Any CPU
		{6DDBCD04-28A7-4861-BFA3-3F950FA89FEB}.Release|Any CPU.ActiveCfg = Release|Any CPU
		{6DDBCD04-28A7-4861-BFA3-3F950FA89FEB}.Release|Any CPU.Build.0 = Release|Any CPU
		{9B1B55AE-F4CD-4026-A51C-6868B9796316}.Debug|Any CPU.ActiveCfg = Debug|Any CPU
		{9B1B55AE-F4CD-4026-A51C-6868B9796316}.Debug|Any CPU.Build.0 = Debug|Any CPU
		{9B1B55AE-F4CD-4026-A51C-6868B9796316}.Release|Any CPU.ActiveCfg = Release|Any CPU
		{9B1B55AE-F4CD-4026-A51C-6868B9796316}.Release|Any CPU.Build.0 = Release|Any CPU
	EndGlobalSection
	GlobalSection(NestedProjects) = preSolution
		{3A48E569-3E2A-4FF6-ADCC-0851652AE4BB} = {565FC6D8-C906-458F-852E-F4CCA12B667D}
		{157B16C4-DBA8-4321-B857-8AD265349085} = {3A48E569-3E2A-4FF6-ADCC-0851652AE4BB}
		{79FC4F4E-0AB8-4AFC-BCB8-6CF5420BAD31} = {3A48E569-3E2A-4FF6-ADCC-0851652AE4BB}
		{9BD0CD43-63CD-4263-8060-DB2C58C7D3C2} = {3A48E569-3E2A-4FF6-ADCC-0851652AE4BB}
		{48DBC9EB-ABE4-475E-87F0-09EB5AA46831} = {565FC6D8-C906-458F-852E-F4CCA12B667D}
		{48D824A6-4001-4A93-8571-EF246E35E730} = {48DBC9EB-ABE4-475E-87F0-09EB5AA46831}
		{C621D873-433E-4A0A-8CD2-B7BA5DF19F29} = {48DBC9EB-ABE4-475E-87F0-09EB5AA46831}
		{03D1A094-1887-4EB8-A3A6-A7E078FD2813} = {48DBC9EB-ABE4-475E-87F0-09EB5AA46831}
		{6DDBCD04-28A7-4861-BFA3-3F950FA89FEB} = {72BF0402-C811-41A3-A6F4-D75DA32F99AA}
		{9B1B55AE-F4CD-4026-A51C-6868B9796316} = {565FC6D8-C906-458F-852E-F4CCA12B667D}
	EndGlobalSection
EndGlobal
